
Microsoft Visual Studio Solution File, Format Version 12.00
# Visual Studio Version 17
VisualStudioVersion = 17.9.34714.143
MinimumVisualStudioVersion = 10.0.40219.1
Project("{FAE04EC0-301F-11D3-BF4B-00C04F79EFBC}") = "UILayer", "UILayer.csproj", "{B2DE8BE1-C3F0-4D88-B214-425343F615A9}"
EndProject
Project("{FAE04EC0-301F-11D3-BF4B-00C04F79EFBC}") = "BusinessLogic", "..\BusinessLogic\BusinessLogic.csproj", "{8DB6A82A-D067-4B35-AF65-2E48BE7FE04D}"
EndProject
Project("{FAE04EC0-301F-11D3-BF4B-00C04F79EFBC}") = "DataLayer", "..\DataLayer\DataLayer.csproj", "{193F2811-EBCB-4A52-AFF3-AD212AFEC193}"
EndProject
Project("{FAE04EC0-301F-11D3-BF4B-00C04F79EFBC}") = "Model", "..\Model\Model.csproj", "{25131100-0EC5-47B2-97CF-2AF3F58E0CEE}"
EndProject
Project("{FAE04EC0-301F-11D3-BF4B-00C04F79EFBC}") = "ProductManagement", "..\ProductManagement\ProductManagement.csproj", "{72A9FD33-436A-4606-BC24-AC5497A74856}"
EndProject
Global
	GlobalSection(SolutionConfigurationPlatforms) = preSolution
		Debug|Any CPU = Debug|Any CPU
		Release|Any CPU = Release|Any CPU
	EndGlobalSection
	GlobalSection(ProjectConfigurationPlatforms) = postSolution
		{B2DE8BE1-C3F0-4D88-B214-425343F615A9}.Debug|Any CPU.ActiveCfg = Debug|Any CPU
		{B2DE8BE1-C3F0-4D88-B214-425343F615A9}.Debug|Any CPU.Build.0 = Debug|Any CPU
		{B2DE8BE1-C3F0-4D88-B214-425343F615A9}.Release|Any CPU.ActiveCfg = Release|Any CPU
		{B2DE8BE1-C3F0-4D88-B214-425343F615A9}.Release|Any CPU.Build.0 = Release|Any CPU
		{8DB6A82A-D067-4B35-AF65-2E48BE7FE04D}.Debug|Any CPU.ActiveCfg = Debug|Any CPU
		{8DB6A82A-D067-4B35-AF65-2E48BE7FE04D}.Debug|Any CPU.Build.0 = Debug|Any CPU
		{8DB6A82A-D067-4B35-AF65-2E48BE7FE04D}.Release|Any CPU.ActiveCfg = Release|Any CPU
		{8DB6A82A-D067-4B35-AF65-2E48BE7FE04D}.Release|Any CPU.Build.0 = Release|Any CPU
		{193F2811-EBCB-4A52-AFF3-AD212AFEC193}.Debug|Any CPU.ActiveCfg = Debug|Any CPU
		{193F2811-EBCB-4A52-AFF3-AD212AFEC193}.Debug|Any CPU.Build.0 = Debug|Any CPU
		{193F2811-EBCB-4A52-AFF3-AD212AFEC193}.Release|Any CPU.ActiveCfg = Release|Any CPU
		{193F2811-EBCB-4A52-AFF3-AD212AFEC193}.Release|Any CPU.Build.0 = Release|Any CPU
		{25131100-0EC5-47B2-97CF-2AF3F58E0CEE}.Debug|Any CPU.ActiveCfg = Debug|Any CPU
		{25131100-0EC5-47B2-97CF-2AF3F58E0CEE}.Debug|Any CPU.Build.0 = Debug|Any CPU
		{25131100-0EC5-47B2-97CF-2AF3F58E0CEE}.Release|Any CPU.ActiveCfg = Release|Any CPU
		{25131100-0EC5-47B2-97CF-2AF3F58E0CEE}.Release|Any CPU.Build.0 = Release|Any CPU
		{72A9FD33-436A-4606-BC24-AC5497A74856}.Debug|Any CPU.ActiveCfg = Debug|Any CPU
		{72A9FD33-436A-4606-BC24-AC5497A74856}.Debug|Any CPU.Build.0 = Debug|Any CPU
		{72A9FD33-436A-4606-BC24-AC5497A74856}.Release|Any CPU.ActiveCfg = Release|Any CPU
		{72A9FD33-436A-4606-BC24-AC5497A74856}.Release|Any CPU.Build.0 = Release|Any CPU
	EndGlobalSection
	GlobalSection(SolutionProperties) = preSolution
		HideSolutionNode = FALSE
	EndGlobalSection
	GlobalSection(ExtensibilityGlobals) = postSolution
		SolutionGuid = {99294AC6-DC67-4A47-BCC7-4A73A9CBB824}
	EndGlobalSection
EndGlobal
